
Microsoft Visual Studio Solution File, Format Version 12.00
Project("{FAE04EC0-301F-11D3-BF4B-00C04F79EFBC}") = "Hse.DbGenerator", "Hse.DbGenerator\Hse.DbGenerator.csproj", "{2928D89E-17E1-4AEC-85A6-3A653564106C}"
EndProject
Global
	GlobalSection(SolutionConfigurationPlatforms) = preSolution
		Debug|Any CPU = Debug|Any CPU
		Release|Any CPU = Release|Any CPU
	EndGlobalSection
	GlobalSection(ProjectConfigurationPlatforms) = postSolution
		{2928D89E-17E1-4AEC-85A6-3A653564106C}.Debug|Any CPU.ActiveCfg = Debug|Any CPU
		{2928D89E-17E1-4AEC-85A6-3A653564106C}.Debug|Any CPU.Build.0 = Debug|Any CPU
		{2928D89E-17E1-4AEC-85A6-3A653564106C}.Release|Any CPU.ActiveCfg = Release|Any CPU
		{2928D89E-17E1-4AEC-85A6-3A653564106C}.Release|Any CPU.Build.0 = Release|Any CPU
	EndGlobalSection
EndGlobal
